
Microsoft Visual Studio Solution File, Format Version 12.00
# Visual Studio Version 16
VisualStudioVersion = 16.0.28407.52
MinimumVisualStudioVersion = 10.0.40219.1
Project("{9A19103F-16F7-4668-BE54-9A1E7A4F7556}") = "commandline", "src\commandline\commandline.csproj", "{CA11E339-1CEB-4BC5-9340-911948814800}"
EndProject
Project("{9A19103F-16F7-4668-BE54-9A1E7A4F7556}") = "commandline.tests", "src\commandline.tests\commandline.tests.csproj", "{6C0A829E-75BA-4ADF-9FB8-7E6FA5B2A6D2}"
EndProject
Project("{9A19103F-16F7-4668-BE54-9A1E7A4F7556}") = "app", "src\samples\app\app.csproj", "{313FABDD-1562-4102-B247-27E692363933}"
EndProject
Global
	GlobalSection(SolutionConfigurationPlatforms) = preSolution
		Debug|Any CPU = Debug|Any CPU
		Release|Any CPU = Release|Any CPU
	EndGlobalSection
	GlobalSection(ProjectConfigurationPlatforms) = postSolution
		{CA11E339-1CEB-4BC5-9340-911948814800}.Debug|Any CPU.ActiveCfg = Debug|Any CPU
		{CA11E339-1CEB-4BC5-9340-911948814800}.Debug|Any CPU.Build.0 = Debug|Any CPU
		{CA11E339-1CEB-4BC5-9340-911948814800}.Release|Any CPU.ActiveCfg = Release|Any CPU
		{CA11E339-1CEB-4BC5-9340-911948814800}.Release|Any CPU.Build.0 = Release|Any CPU
		{6C0A829E-75BA-4ADF-9FB8-7E6FA5B2A6D2}.Debug|Any CPU.ActiveCfg = Debug|Any CPU
		{6C0A829E-75BA-4ADF-9FB8-7E6FA5B2A6D2}.Debug|Any CPU.Build.0 = Debug|Any CPU
		{6C0A829E-75BA-4ADF-9FB8-7E6FA5B2A6D2}.Release|Any CPU.ActiveCfg = Release|Any CPU
		{6C0A829E-75BA-4ADF-9FB8-7E6FA5B2A6D2}.Release|Any CPU.Build.0 = Release|Any CPU
		{313FABDD-1562-4102-B247-27E692363933}.Debug|Any CPU.ActiveCfg = Debug|Any CPU
		{313FABDD-1562-4102-B247-27E692363933}.Debug|Any CPU.Build.0 = Debug|Any CPU
		{313FABDD-1562-4102-B247-27E692363933}.Release|Any CPU.ActiveCfg = Release|Any CPU
		{313FABDD-1562-4102-B247-27E692363933}.Release|Any CPU.Build.0 = Release|Any CPU
	EndGlobalSection
	GlobalSection(SolutionProperties) = preSolution
		HideSolutionNode = FALSE
	EndGlobalSection
	GlobalSection(ExtensibilityGlobals) = postSolution
		SolutionGuid = {A2AA2585-4C0D-4B41-9896-48C9E44625F2}
	EndGlobalSection
EndGlobal
